
Microsoft Visual Studio Solution File, Format Version 12.00
# Visual Studio Version 17
VisualStudioVersion = 17.4.33110.190
MinimumVisualStudioVersion = 10.0.40219.1
Project("{FAE04EC0-301F-11D3-BF4B-00C04F79EFBC}") = "Domain", "Domain\Domain.csproj", "{190BF4B9-F0D1-40CE-934E-CA6347BAFB69}"
EndProject
Global
	GlobalSection(SolutionConfigurationPlatforms) = preSolution
		Debug|Any CPU = Debug|Any CPU
		Release|Any CPU = Release|Any CPU
	EndGlobalSection
	GlobalSection(ProjectConfigurationPlatforms) = postSolution
		{190BF4B9-F0D1-40CE-934E-CA6347BAFB69}.Debug|Any CPU.ActiveCfg = Debug|Any CPU
		{190BF4B9-F0D1-40CE-934E-CA6347BAFB69}.Debug|Any CPU.Build.0 = Debug|Any CPU
		{190BF4B9-F0D1-40CE-934E-CA6347BAFB69}.Release|Any CPU.ActiveCfg = Release|Any CPU
		{190BF4B9-F0D1-40CE-934E-CA6347BAFB69}.Release|Any CPU.Build.0 = Release|Any CPU
	EndGlobalSection
	GlobalSection(SolutionProperties) = preSolution
		HideSolutionNode = FALSE
	EndGlobalSection
	GlobalSection(ExtensibilityGlobals) = postSolution
		SolutionGuid = {A41904AE-5911-4EAD-9A21-5A600BF360CD}
	EndGlobalSection
EndGlobal
